
Microsoft Visual Studio Solution File, Format Version 12.00
# Visual Studio Version 16
VisualStudioVersion = 16.0.28922.388
MinimumVisualStudioVersion = 10.0.40219.1
Project("{FAE04EC0-301F-11D3-BF4B-00C04F79EFBC}") = "Proxy", "Proxy\Proxy.csproj", "{45C29721-0F5F-45D7-88A3-891110FF4011}"
EndProject
Global
	GlobalSection(SolutionConfigurationPlatforms) = preSolution
		Debug|Any CPU = Debug|Any CPU
		Release|Any CPU = Release|Any CPU
	EndGlobalSection
	GlobalSection(ProjectConfigurationPlatforms) = postSolution
		{45C29721-0F5F-45D7-88A3-891110FF4011}.Debug|Any CPU.ActiveCfg = Debug|Any CPU
		{45C29721-0F5F-45D7-88A3-891110FF4011}.Debug|Any CPU.Build.0 = Debug|Any CPU
		{45C29721-0F5F-45D7-88A3-891110FF4011}.Release|Any CPU.ActiveCfg = Release|Any CPU
		{45C29721-0F5F-45D7-88A3-891110FF4011}.Release|Any CPU.Build.0 = Release|Any CPU
	EndGlobalSection
	GlobalSection(SolutionProperties) = preSolution
		HideSolutionNode = FALSE
	EndGlobalSection
	GlobalSection(ExtensibilityGlobals) = postSolution
		SolutionGuid = {94451FB0-8E6A-4BBF-A80C-928D268652D1}
	EndGlobalSection
EndGlobal
